<?xml version="1.0" encoding="utf-8"?>
<Project ToolsVersion="4.0" xmlns="http://schemas.microsoft.com/developer/msbuild/2003">
  <ItemGroup>
    <Filter Include="Source Files">
      <UniqueIdentifier>{4FC737F1-C7A5-4376-A066-2A32D752A2FF}</UniqueIdentifier>
      <Extensions>cpp;c;cc;cxx;def;odl;idl;hpj;bat;asm;asmx</Extensions>
    </Filter>
    <Filter Include="Header Files">
      <UniqueIdentifier>{93995380-89BD-4b04-88EB-625FBE52EBFB}</UniqueIdentifier>
      <Extensions>h;hpp;hxx;hm;inl;inc;xsd</Extensions>
    </Filter>
    <Filter Include="Resource Files">
      <UniqueIdentifier>{67DA6AB6-F800-4c08-8B7A-83BB121AAD01}</UniqueIdentifier>
      <Extensions>rc;ico;cur;bmp;dlg;rc2;rct;bin;rgs;gif;jpg;jpeg;jpe;resx;tiff;tif;png;wav;mfcribbon-ms</Extensions>
    </Filter>
    <Filter Include="lge">
      <UniqueIdentifier>{5ce595f5-fd6f-43c9-905a-7ef50a6cabc8}</UniqueIdentifier>
    </Filter>
  </ItemGroup>
  <ItemGroup>
    <None Include="ReadMe.txt" />
    <None Include="small.ico">
      <Filter>Resource Files</Filter>
    </None>
    <None Include="lge.ico">
      <Filter>Resource Files</Filter>
    </None>
  </ItemGroup>
  <ItemGroup>
    <ClInclude Include="stdafx.h">
      <Filter>Header Files</Filter>
    </ClInclude>
    <ClInclude Include="targetver.h">
      <Filter>Header Files</Filter>
    </ClInclude>
    <ClInclude Include="Resource.h">
      <Filter>Header Files</Filter>
    </ClInclude>
    <ClInclude Include="lge.h">
      <Filter>Header Files</Filter>
    </ClInclude>
    <ClInclude Include="lge_engine.h">
      <Filter>lge</Filter>
    </ClInclude>
    <ClInclude Include="lge_platform.h">
      <Filter>lge</Filter>
    </ClInclude>
    <ClInclude Include="lge_render_gles2.h">
      <Filter>lge</Filter>
    </ClInclude>
    <ClInclude Include="lge_util.h">
      <Filter>lge</Filter>
    </ClInclude>
    <ClInclude Include="lge_render.h">
      <Filter>lge</Filter>
    </ClInclude>
    <ClInclude Include="lge_texture.h">
      <Filter>lge</Filter>
    </ClInclude>
    <ClInclude Include="lge_sprite.h">
      <Filter>lge</Filter>
    </ClInclude>
    <ClInclude Include="lge_font.h">
      <Filter>lge</Filter>
    </ClInclude>
  </ItemGroup>
  <ItemGroup>
    <ClCompile Include="stdafx.cpp">
      <Filter>Source Files</Filter>
    </ClCompile>
    <ClCompile Include="lge.cpp">
      <Filter>Source Files</Filter>
    </ClCompile>
    <ClCompile Include="lge_engine.cpp">
      <Filter>lge</Filter>
    </ClCompile>
    <ClCompile Include="lge_render_gles2.cpp">
      <Filter>lge</Filter>
    </ClCompile>
    <ClCompile Include="lge_util.cpp">
      <Filter>lge</Filter>
    </ClCompile>
    <ClCompile Include="lge_render.cpp">
      <Filter>lge</Filter>
    </ClCompile>
    <ClCompile Include="lge_texture.cpp">
      <Filter>lge</Filter>
    </ClCompile>
    <ClCompile Include="lge_sprite.cpp">
      <Filter>lge</Filter>
    </ClCompile>
    <ClCompile Include="lge_font.cpp">
      <Filter>lge</Filter>
    </ClCompile>
    <ClCompile Include="lge_platform.cpp">
      <Filter>lge</Filter>
    </ClCompile>
  </ItemGroup>
  <ItemGroup>
    <ResourceCompile Include="lge.rc">
      <Filter>Resource Files</Filter>
    </ResourceCompile>
  </ItemGroup>
</Project>